
Microsoft Visual Studio Solution File, Format Version 12.00
# Visual Studio Version 17
VisualStudioVersion = 17.6.33712.159
MinimumVisualStudioVersion = 10.0.40219.1
Project("{FAE04EC0-301F-11D3-BF4B-00C04F79EFBC}") = "test-study", "test-study.csproj", "{E3FE10B9-C2A7-4DD7-9172-387583105FBF}"
EndProject
Global
	GlobalSection(SolutionConfigurationPlatforms) = preSolution
		Debug|Any CPU = Debug|Any CPU
		Release|Any CPU = Release|Any CPU
	EndGlobalSection
	GlobalSection(ProjectConfigurationPlatforms) = postSolution
		{E3FE10B9-C2A7-4DD7-9172-387583105FBF}.Debug|Any CPU.ActiveCfg = Debug|Any CPU
		{E3FE10B9-C2A7-4DD7-9172-387583105FBF}.Debug|Any CPU.Build.0 = Debug|Any CPU
		{E3FE10B9-C2A7-4DD7-9172-387583105FBF}.Release|Any CPU.ActiveCfg = Release|Any CPU
		{E3FE10B9-C2A7-4DD7-9172-387583105FBF}.Release|Any CPU.Build.0 = Release|Any CPU
	EndGlobalSection
	GlobalSection(SolutionProperties) = preSolution
		HideSolutionNode = FALSE
	EndGlobalSection
	GlobalSection(ExtensibilityGlobals) = postSolution
		SolutionGuid = {ACC96143-1D68-4F7D-B5EA-DB8F31403C9E}
	EndGlobalSection
EndGlobal
