
Microsoft Visual Studio Solution File, Format Version 12.00
# Visual Studio Version 17
VisualStudioVersion = 17.6.33712.159
MinimumVisualStudioVersion = 10.0.40219.1
Project("{FAE04EC0-301F-11D3-BF4B-00C04F79EFBC}") = "bai_22.5", "bai_22.5.csproj", "{58AC9722-6F56-4B4C-B08E-011FAB8A262D}"
EndProject
Global
	GlobalSection(SolutionConfigurationPlatforms) = preSolution
		Debug|Any CPU = Debug|Any CPU
		Release|Any CPU = Release|Any CPU
	EndGlobalSection
	GlobalSection(ProjectConfigurationPlatforms) = postSolution
		{58AC9722-6F56-4B4C-B08E-011FAB8A262D}.Debug|Any CPU.ActiveCfg = Debug|Any CPU
		{58AC9722-6F56-4B4C-B08E-011FAB8A262D}.Debug|Any CPU.Build.0 = Debug|Any CPU
		{58AC9722-6F56-4B4C-B08E-011FAB8A262D}.Release|Any CPU.ActiveCfg = Release|Any CPU
		{58AC9722-6F56-4B4C-B08E-011FAB8A262D}.Release|Any CPU.Build.0 = Release|Any CPU
	EndGlobalSection
	GlobalSection(SolutionProperties) = preSolution
		HideSolutionNode = FALSE
	EndGlobalSection
	GlobalSection(ExtensibilityGlobals) = postSolution
		SolutionGuid = {4F1D55F1-887C-491A-9E66-E515426E2AC1}
	EndGlobalSection
EndGlobal
